
Microsoft Visual Studio Solution File, Format Version 12.00
# Visual Studio Version 17
VisualStudioVersion = 17.8.34525.116
MinimumVisualStudioVersion = 10.0.40219.1
Project("{FAE04EC0-301F-11D3-BF4B-00C04F79EFBC}") = "Lista1EX2", "Lista1EX2\Lista1EX2.csproj", "{0CC77A4E-8FE1-4203-8050-CA19B5C8695E}"
EndProject
Global
	GlobalSection(SolutionConfigurationPlatforms) = preSolution
		Debug|Any CPU = Debug|Any CPU
		Release|Any CPU = Release|Any CPU
	EndGlobalSection
	GlobalSection(ProjectConfigurationPlatforms) = postSolution
		{0CC77A4E-8FE1-4203-8050-CA19B5C8695E}.Debug|Any CPU.ActiveCfg = Debug|Any CPU
		{0CC77A4E-8FE1-4203-8050-CA19B5C8695E}.Debug|Any CPU.Build.0 = Debug|Any CPU
		{0CC77A4E-8FE1-4203-8050-CA19B5C8695E}.Release|Any CPU.ActiveCfg = Release|Any CPU
		{0CC77A4E-8FE1-4203-8050-CA19B5C8695E}.Release|Any CPU.Build.0 = Release|Any CPU
	EndGlobalSection
	GlobalSection(SolutionProperties) = preSolution
		HideSolutionNode = FALSE
	EndGlobalSection
	GlobalSection(ExtensibilityGlobals) = postSolution
		SolutionGuid = {38F84A43-423D-40CB-BA86-E4A6D8F52EED}
	EndGlobalSection
EndGlobal
